
Microsoft Visual Studio Solution File, Format Version 12.00
# Visual Studio Version 17
VisualStudioVersion = 17.14.36414.22 d17.14
MinimumVisualStudioVersion = 10.0.40219.1
Project("{FAE04EC0-301F-11D3-BF4B-00C04F79EFBC}") = "LoginAuthToken", "LoginAuthToken\LoginAuthToken.csproj", "{922682AB-E871-4D7F-871A-79DAA8052AFB}"
EndProject
Project("{FAE04EC0-301F-11D3-BF4B-00C04F79EFBC}") = "LoginAuthToken.Client", "LoginAuthToken.Client\LoginAuthToken.Client.csproj", "{728D7973-9BAB-45AD-80EE-15D92B1B8075}"
EndProject
Global
	GlobalSection(SolutionConfigurationPlatforms) = preSolution
		Debug|Any CPU = Debug|Any CPU
		Release|Any CPU = Release|Any CPU
	EndGlobalSection
	GlobalSection(ProjectConfigurationPlatforms) = postSolution
		{922682AB-E871-4D7F-871A-79DAA8052AFB}.Debug|Any CPU.ActiveCfg = Debug|Any CPU
		{922682AB-E871-4D7F-871A-79DAA8052AFB}.Debug|Any CPU.Build.0 = Debug|Any CPU
		{922682AB-E871-4D7F-871A-79DAA8052AFB}.Release|Any CPU.ActiveCfg = Release|Any CPU
		{922682AB-E871-4D7F-871A-79DAA8052AFB}.Release|Any CPU.Build.0 = Release|Any CPU
		{728D7973-9BAB-45AD-80EE-15D92B1B8075}.Debug|Any CPU.ActiveCfg = Debug|Any CPU
		{728D7973-9BAB-45AD-80EE-15D92B1B8075}.Debug|Any CPU.Build.0 = Debug|Any CPU
		{728D7973-9BAB-45AD-80EE-15D92B1B8075}.Release|Any CPU.ActiveCfg = Release|Any CPU
		{728D7973-9BAB-45AD-80EE-15D92B1B8075}.Release|Any CPU.Build.0 = Release|Any CPU
	EndGlobalSection
	GlobalSection(SolutionProperties) = preSolution
		HideSolutionNode = FALSE
	EndGlobalSection
	GlobalSection(ExtensibilityGlobals) = postSolution
		SolutionGuid = {2A729FCD-C1CB-4153-8980-A2B26EB64C83}
	EndGlobalSection
EndGlobal
